# THIS IS AN AUTOGENERATED FILE. DO NOT EDIT THIS FILE DIRECTLY.
# yarn lockfile v1


"@microsoft/1ds-core-js@3.2.3", "@microsoft/1ds-core-js@^3.2.2":
  version "3.2.3"
  resolved "https://registry.npmjs.org/@microsoft/1ds-core-js/-/1ds-core-js-3.2.3.tgz"
  integrity sha512-796A8fd90oUKDRO7UXUT9BwZ3G+a9XzJj5v012FcCN/2qRhEsIV3x/0wkx2S08T4FiQEUPkB2uoYHpEjEneM7g==
  dependencies:
    "@microsoft/applicationinsights-core-js" "2.8.4"
    "@microsoft/applicationinsights-shims" "^2.0.1"
    "@microsoft/dynamicproto-js" "^1.1.6"

"@microsoft/1ds-post-js@^3.2.2":
  version "3.2.3"
  resolved "https://registry.npmjs.org/@microsoft/1ds-post-js/-/1ds-post-js-3.2.3.tgz"
  integrity sha512-tcGJQXXr2LYoBbIXPoUVe1KCF3OtBsuKDFL7BXfmNtuSGtWF0yejm6H83DrR8/cUIGMRMUP9lqNlqFGwDYiwAQ==
  dependencies:
    "@microsoft/1ds-core-js" "3.2.3"
    "@microsoft/applicationinsights-shims" "^2.0.1"
    "@microsoft/dynamicproto-js" "^1.1.6"

"@microsoft/applicationinsights-core-js@2.8.4":
  version "2.8.4"
  resolved "https://registry.npmjs.org/@microsoft/applicationinsights-core-js/-/applicationinsights-core-js-2.8.4.tgz"
  integrity sha512-FoA0FNOsFbJnLyTyQlYs6+HR7HMEa6nAOE6WOm9WVejBHMHQ/Bdb+hfVFi6slxwCimr/ner90jchi4/sIYdnyQ==
  dependencies:
    "@microsoft/applicationinsights-shims" "2.0.1"
    "@microsoft/dynamicproto-js" "^1.1.6"

"@microsoft/applicationinsights-shims@2.0.1", "@microsoft/applicationinsights-shims@^2.0.1":
  version "2.0.1"
  resolved "https://registry.npmjs.org/@microsoft/applicationinsights-shims/-/applicationinsights-shims-2.0.1.tgz"
  integrity sha512-G0MXf6R6HndRbDy9BbEj0zrLeuhwt2nsXk2zKtF0TnYo39KgYqhYC2ayIzKPTm2KAE+xzD7rgyLdZnrcRvt9WQ==

"@microsoft/dynamicproto-js@^1.1.6":
  version "1.1.6"
  resolved "https://registry.npmjs.org/@microsoft/dynamicproto-js/-/dynamicproto-js-1.1.6.tgz"
  integrity sha512-D1Oivw1A4bIXhzBIy3/BBPn3p2On+kpO2NiYt9shICDK7L/w+cR6FFBUsBZ05l6iqzTeL+Jm8lAYn0g6G7DmDg==

"@vscode/iconv-lite-umd@0.7.0":
  version "0.7.0"
  resolved "https://registry.npmjs.org/@vscode/iconv-lite-umd/-/iconv-lite-umd-0.7.0.tgz"
  integrity sha512-bRRFxLfg5dtAyl5XyiVWz/ZBPahpOpPrNYnnHpOpUZvam4tKH35wdhP4Kj6PbM0+KdliOsPzbGWpkxcdpNB/sg==

"@vscode/vscode-languagedetection@1.0.21":
  version "1.0.21"
  resolved "https://registry.npmjs.org/@vscode/vscode-languagedetection/-/vscode-languagedetection-1.0.21.tgz"
  integrity sha512-zSUH9HYCw5qsCtd7b31yqkpaCU6jhtkKLkvOOA8yTrIRfBSOFb8PPhgmMicD7B/m+t4PwOJXzU1XDtrM9Fd3/g==

chroma-js@^2.4.2:
  version "2.4.2"
  resolved "https://registry.npmjs.org/chroma-js/-/chroma-js-2.4.2.tgz"
  integrity sha512-U9eDw6+wt7V8z5NncY2jJfZa+hUH8XEj8FQHgFJTrUFnJfXYf4Ml4adI2vXZOjqRDpFWtYVWypDfZwnJ+HIR4A==

jschardet@3.0.0:
  version "3.0.0"
  resolved "https://registry.npmjs.org/jschardet/-/jschardet-3.0.0.tgz"
  integrity sha512-lJH6tJ77V8Nzd5QWRkFYCLc13a3vADkh3r/Fi8HupZGWk2OVVDfnZP8V/VgQgZ+lzW0kG2UGb5hFgt3V3ndotQ==

prismjs@^1.28.0:
  version "1.28.0"
  resolved "https://registry.yarnpkg.com/prismjs/-/prismjs-1.28.0.tgz#0d8f561fa0f7cf6ebca901747828b149147044b6"
  integrity sha512-8aaXdYvl1F7iC7Xm1spqSaY/OJBpYW3v+KJ+F17iYxvdc8sfjW194COK5wVhMZX45tGteiBQgdvD/nhxcRwylw==

tas-client-umd@0.1.6:
  version "0.1.6"
  resolved "https://registry.npmjs.org/tas-client-umd/-/tas-client-umd-0.1.6.tgz"
  integrity sha512-eOz5IK4cuNmSZI9QlqlT0FdvgfnnHDB6rjqleFaYAbzYE4RdJzYNiM28zFIXgmOVEgESvfabMFxG8WX5M4z3HA==

vscode-oniguruma@1.6.1:
  version "1.6.1"
  resolved "https://registry.npmjs.org/vscode-oniguruma/-/vscode-oniguruma-1.6.1.tgz"
  integrity sha512-vc4WhSIaVpgJ0jJIejjYxPvURJavX6QG41vu0mGhqywMkQqulezEqEQ3cO3gc8GvcOpX6ycmKGqRoROEMBNXTQ==

vscode-textmate@7.0.1:
  version "7.0.1"
  resolved "https://registry.npmjs.org/vscode-textmate/-/vscode-textmate-7.0.1.tgz"
  integrity sha512-zQ5U/nuXAAMsh691FtV0wPz89nSkHbs+IQV8FDk+wew9BlSDhf4UmWGlWJfTR2Ti6xZv87Tj5fENzKf6Qk7aLw==

xterm-addon-search@0.10.0-beta.1:
  version "0.10.0-beta.1"
  resolved "https://registry.npmjs.org/xterm-addon-search/-/xterm-addon-search-0.10.0-beta.1.tgz"
  integrity sha512-rp68SwoYHIQ1SY4MoILNK+0HcN8OR4hzczHOYCFdeKYZFvH/16vgqg0OJT6t6WlL1cq971rLsEDXT1SKcpoJqA==

xterm-addon-unicode11@0.4.0-beta.3:
  version "0.4.0-beta.3"
  resolved "https://registry.npmjs.org/xterm-addon-unicode11/-/xterm-addon-unicode11-0.4.0-beta.3.tgz"
  integrity sha512-FryZAVwbUjKTmwXnm1trch/2XO60F5JsDvOkZhzobV1hm10sFLVuZpFyHXiUx7TFeeFsvNP+S77LAtWoeT5z+Q==

xterm-addon-webgl@0.13.0-beta.2:
  version "0.13.0-beta.2"
  resolved "https://registry.npmjs.org/xterm-addon-webgl/-/xterm-addon-webgl-0.13.0-beta.2.tgz"
  integrity sha512-98tX0BkpD402RoCO6SyikUXpzCn9/OQhlXsRmM/kRFCxMWWofStWTXzCPhN0MjIx2IdGueDjCmnShhidwihErg==

xterm@4.20.0-beta.5:
  version "4.20.0-beta.5"
  resolved "https://registry.npmjs.org/xterm/-/xterm-4.20.0-beta.5.tgz"
  integrity sha512-KBWfk9UPBKRy662DVGGTZEcW1becEjYvlyWbn2hLj9h2gy6Q4EEEEbggJh8I7SGwdFizl+apHQGhEOZmFCA70w==
